
Microsoft Visual Studio Solution File, Format Version 12.00
# Visual Studio Version 17
VisualStudioVersion = 17.3.32901.215
MinimumVisualStudioVersion = 10.0.40219.1
Project("{8BC9CEB8-8B4A-11D0-8D11-00A0C91BC942}") = "PROG71020-Group7-Lab3", "PROG71020-Group7-Lab3\PROG71020-Group7-Lab3.vcxproj", "{40A806AF-AFFE-4DE2-BD32-62E7431D97D6}"
EndProject
Global
	GlobalSection(SolutionConfigurationPlatforms) = preSolution
		Debug|x64 = Debug|x64
		Debug|x86 = Debug|x86
		Release|x64 = Release|x64
		Release|x86 = Release|x86
	EndGlobalSection
	GlobalSection(ProjectConfigurationPlatforms) = postSolution
		{40A806AF-AFFE-4DE2-BD32-62E7431D97D6}.Debug|x64.ActiveCfg = Debug|x64
		{40A806AF-AFFE-4DE2-BD32-62E7431D97D6}.Debug|x64.Build.0 = Debug|x64
		{40A806AF-AFFE-4DE2-BD32-62E7431D97D6}.Debug|x86.ActiveCfg = Debug|Win32
		{40A806AF-AFFE-4DE2-BD32-62E7431D97D6}.Debug|x86.Build.0 = Debug|Win32
		{40A806AF-AFFE-4DE2-BD32-62E7431D97D6}.Release|x64.ActiveCfg = Release|x64
		{40A806AF-AFFE-4DE2-BD32-62E7431D97D6}.Release|x64.Build.0 = Release|x64
		{40A806AF-AFFE-4DE2-BD32-62E7431D97D6}.Release|x86.ActiveCfg = Release|Win32
		{40A806AF-AFFE-4DE2-BD32-62E7431D97D6}.Release|x86.Build.0 = Release|Win32
	EndGlobalSection
	GlobalSection(SolutionProperties) = preSolution
		HideSolutionNode = FALSE
	EndGlobalSection
	GlobalSection(ExtensibilityGlobals) = postSolution
		SolutionGuid = {82944C95-A8E6-405C-87CC-F41E3138F2A3}
	EndGlobalSection
EndGlobal
